{
  "name": "@litert/fs",
  "version": "0.1.0",
  "lockfileVersion": 1,
  "requires": true,
  "dependencies": {
    "@litert/core": {
      "version": "git+https://github.com/litert/core.js.git#ada747d3340a6644eed62b4eba8bd30ff518d169"
    },
    "@types/node": {
      "version": "8.0.10",
      "resolved": "http://r.cnpmjs.org/@types/node/download/@types/node-8.0.10.tgz",
      "integrity": "sha1-Eu/skYOwctX5Uc+GOVpMeA+Gihc=",
      "dev": true
    },
    "typescript": {
      "version": "2.5.2",
      "resolved": "http://r.cnpmjs.org/typescript/download/typescript-2.5.2.tgz",
      "integrity": "sha1-A4qV99m7tCCxvzW6MdTFwd0//jQ=",
      "dev": true
    }
  }
}
